
Microsoft Visual Studio Solution File, Format Version 12.00
# Visual Studio 14
VisualStudioVersion = 14.0.25420.1
MinimumVisualStudioVersion = 10.0.40219.1
Project("{FAE04EC0-301F-11D3-BF4B-00C04F79EFBC}") = "PolicyAPI", "Policy API\PolicyAPI.csproj", "{D959BA0D-CA8C-4819-B533-4A0701D0ACF1}"
EndProject
Project("{FAE04EC0-301F-11D3-BF4B-00C04F79EFBC}") = "PolicyHost", "Policy Host\PolicyHost.csproj", "{2AA779D6-976D-4B13-9423-450F89657D70}"
EndProject
Project("{FAE04EC0-301F-11D3-BF4B-00C04F79EFBC}") = "PolicyValidate", "Policy Validate\PolicyValidate.csproj", "{A38FF33F-F5C8-44CD-B898-E91381B88E51}"
EndProject
Project("{FAE04EC0-301F-11D3-BF4B-00C04F79EFBC}") = "PolicyRepository", "Policy Repository\PolicyRepository.csproj", "{1215371B-A483-4602-A864-26581982C4D0}"
EndProject
Project("{FAE04EC0-301F-11D3-BF4B-00C04F79EFBC}") = "Policy Test", "Policy Test\Policy Test.csproj", "{FB9FCFF9-DFBE-4F01-8F73-34DB1A779711}"
EndProject
Global
	GlobalSection(SolutionConfigurationPlatforms) = preSolution
		Debug|Any CPU = Debug|Any CPU
		Release|Any CPU = Release|Any CPU
	EndGlobalSection
	GlobalSection(ProjectConfigurationPlatforms) = postSolution
		{D959BA0D-CA8C-4819-B533-4A0701D0ACF1}.Debug|Any CPU.ActiveCfg = Debug|Any CPU
		{D959BA0D-CA8C-4819-B533-4A0701D0ACF1}.Debug|Any CPU.Build.0 = Debug|Any CPU
		{D959BA0D-CA8C-4819-B533-4A0701D0ACF1}.Release|Any CPU.ActiveCfg = Release|Any CPU
		{D959BA0D-CA8C-4819-B533-4A0701D0ACF1}.Release|Any CPU.Build.0 = Release|Any CPU
		{2AA779D6-976D-4B13-9423-450F89657D70}.Debug|Any CPU.ActiveCfg = Debug|Any CPU
		{2AA779D6-976D-4B13-9423-450F89657D70}.Debug|Any CPU.Build.0 = Debug|Any CPU
		{2AA779D6-976D-4B13-9423-450F89657D70}.Release|Any CPU.ActiveCfg = Release|Any CPU
		{2AA779D6-976D-4B13-9423-450F89657D70}.Release|Any CPU.Build.0 = Release|Any CPU
		{A38FF33F-F5C8-44CD-B898-E91381B88E51}.Debug|Any CPU.ActiveCfg = Debug|Any CPU
		{A38FF33F-F5C8-44CD-B898-E91381B88E51}.Debug|Any CPU.Build.0 = Debug|Any CPU
		{A38FF33F-F5C8-44CD-B898-E91381B88E51}.Release|Any CPU.ActiveCfg = Release|Any CPU
		{A38FF33F-F5C8-44CD-B898-E91381B88E51}.Release|Any CPU.Build.0 = Release|Any CPU
		{1215371B-A483-4602-A864-26581982C4D0}.Debug|Any CPU.ActiveCfg = Debug|Any CPU
		{1215371B-A483-4602-A864-26581982C4D0}.Debug|Any CPU.Build.0 = Debug|Any CPU
		{1215371B-A483-4602-A864-26581982C4D0}.Release|Any CPU.ActiveCfg = Release|Any CPU
		{1215371B-A483-4602-A864-26581982C4D0}.Release|Any CPU.Build.0 = Release|Any CPU
		{FB9FCFF9-DFBE-4F01-8F73-34DB1A779711}.Debug|Any CPU.ActiveCfg = Debug|Any CPU
		{FB9FCFF9-DFBE-4F01-8F73-34DB1A779711}.Debug|Any CPU.Build.0 = Debug|Any CPU
		{FB9FCFF9-DFBE-4F01-8F73-34DB1A779711}.Release|Any CPU.ActiveCfg = Release|Any CPU
		{FB9FCFF9-DFBE-4F01-8F73-34DB1A779711}.Release|Any CPU.Build.0 = Release|Any CPU
	EndGlobalSection
	GlobalSection(SolutionProperties) = preSolution
		HideSolutionNode = FALSE
	EndGlobalSection
EndGlobal
